// !$*UTF8*$!
{
	archiveVersion = 1;
	classes = {
	};
	objectVersion = 51;
	objects = {

/* Begin PBXBuildFile section */
		5E3EECA2259A380500E3EABD /* NewsContainer.swift in Sources */ = {isa = PBXBuildFile; fileRef = 5E3EECA1259A380500E3EABD /* NewsContainer.swift */; };
		5E9062F825991DB000208EAF /* NewsViewInConnection.swift in Sources */ = {isa = PBXBuildFile; fileRef = 5E9062F725991DB000208EAF /* NewsViewInConnection.swift */; };
		5EA5D0182596563F000E0F22 /* AppDelegate.swift in Sources */ = {isa = PBXBuildFile; fileRef = 5EA5D0172596563F000E0F22 /* AppDelegate.swift */; };
		5EA5D01A2596563F000E0F22 /* SceneDelegate.swift in Sources */ = {isa = PBXBuildFile; fileRef = 5EA5D0192596563F000E0F22 /* SceneDelegate.swift */; };
		5EA5D02125965641000E0F22 /* Assets.xcassets in Resources */ = {isa = PBXBuildFile; fileRef = 5EA5D02025965641000E0F22 /* Assets.xcassets */; };
		5EA5D02425965641000E0F22 /* LaunchScreen.storyboard in Resources */ = {isa = PBXBuildFile; fileRef = 5EA5D02225965641000E0F22 /* LaunchScreen.storyboard */; };
		5EBA2EA625991F1200F58D95 /* NewsViewOutConnection.swift in Sources */ = {isa = PBXBuildFile; fileRef = 5EBA2EA525991F1200F58D95 /* NewsViewOutConnection.swift */; };
		5EBA2EA92599201D00F58D95 /* NewsPresenterInConnection.swift in Sources */ = {isa = PBXBuildFile; fileRef = 5EBA2EA82599201D00F58D95 /* NewsPresenterInConnection.swift */; };
		5EBA2EAC2599258F00F58D95 /* NewsPresenterOutConnection.swift in Sources */ = {isa = PBXBuildFile; fileRef = 5EBA2EAB2599258F00F58D95 /* NewsPresenterOutConnection.swift */; };
		5ED8C9142596682D006F8B77 /* NewsViewController.swift in Sources */ = {isa = PBXBuildFile; fileRef = 5ED8C9122596682D006F8B77 /* NewsViewController.swift */; };
		5ED8C9152596682D006F8B77 /* NewsViewController.xib in Resources */ = {isa = PBXBuildFile; fileRef = 5ED8C9132596682D006F8B77 /* NewsViewController.xib */; };
		5ED8C91E259668C7006F8B77 /* NewsInteractor.swift in Sources */ = {isa = PBXBuildFile; fileRef = 5ED8C91D259668C7006F8B77 /* NewsInteractor.swift */; };
		5ED8C922259668EB006F8B77 /* NewsPresenter.swift in Sources */ = {isa = PBXBuildFile; fileRef = 5ED8C921259668EB006F8B77 /* NewsPresenter.swift */; };
		5ED8C9252596690D006F8B77 /* NewsRouter.swift in Sources */ = {isa = PBXBuildFile; fileRef = 5ED8C9242596690D006F8B77 /* NewsRouter.swift */; };
		5ED8C92C25966CF6006F8B77 /* NewsService.swift in Sources */ = {isa = PBXBuildFile; fileRef = 5ED8C92B25966CF6006F8B77 /* NewsService.swift */; };
		5ED8C93025966D2B006F8B77 /* NewsServiceImplementation.swift in Sources */ = {isa = PBXBuildFile; fileRef = 5ED8C92F25966D2B006F8B77 /* NewsServiceImplementation.swift */; };
		5ED8C93525967E07006F8B77 /* News.swift in Sources */ = {isa = PBXBuildFile; fileRef = 5ED8C93425967E07006F8B77 /* News.swift */; };
		E336BEB46D52A31A94CBDC2E /* Pods_Architecture.framework in Frameworks */ = {isa = PBXBuildFile; fileRef = C994401C3814164EFA6BED0A /* Pods_Architecture.framework */; };
/* End PBXBuildFile section */

/* Begin PBXFileReference section */
		52E8F09AEE9F2FA01BCBE172 /* Pods-Architecture.release.xcconfig */ = {isa = PBXFileReference; includeInIndex = 1; lastKnownFileType = text.xcconfig; name = "Pods-Architecture.release.xcconfig"; path = "Target Support Files/Pods-Architecture/Pods-Architecture.release.xcconfig"; sourceTree = "<group>"; };
		5E3EECA1259A380500E3EABD /* NewsContainer.swift */ = {isa = PBXFileReference; lastKnownFileType = sourcecode.swift; path = NewsContainer.swift; sourceTree = "<group>"; };
		5E9062F725991DB000208EAF /* NewsViewInConnection.swift */ = {isa = PBXFileReference; lastKnownFileType = sourcecode.swift; path = NewsViewInConnection.swift; sourceTree = "<group>"; };
		5EA5D0142596563F000E0F22 /* Architecture.app */ = {isa = PBXFileReference; explicitFileType = wrapper.application; includeInIndex = 0; path = Architecture.app; sourceTree = BUILT_PRODUCTS_DIR; };
		5EA5D0172596563F000E0F22 /* AppDelegate.swift */ = {isa = PBXFileReference; lastKnownFileType = sourcecode.swift; path = AppDelegate.swift; sourceTree = "<group>"; };
		5EA5D0192596563F000E0F22 /* SceneDelegate.swift */ = {isa = PBXFileReference; lastKnownFileType = sourcecode.swift; path = SceneDelegate.swift; sourceTree = "<group>"; };
		5EA5D02025965641000E0F22 /* Assets.xcassets */ = {isa = PBXFileReference; lastKnownFileType = folder.assetcatalog; path = Assets.xcassets; sourceTree = "<group>"; };
		5EA5D02325965641000E0F22 /* Base */ = {isa = PBXFileReference; lastKnownFileType = file.storyboard; name = Base; path = Base.lproj/LaunchScreen.storyboard; sourceTree = "<group>"; };
		5EA5D02525965641000E0F22 /* Info.plist */ = {isa = PBXFileReference; lastKnownFileType = text.plist.xml; path = Info.plist; sourceTree = "<group>"; };
		5EBA2EA525991F1200F58D95 /* NewsViewOutConnection.swift */ = {isa = PBXFileReference; lastKnownFileType = sourcecode.swift; path = NewsViewOutConnection.swift; sourceTree = "<group>"; };
		5EBA2EA82599201D00F58D95 /* NewsPresenterInConnection.swift */ = {isa = PBXFileReference; lastKnownFileType = sourcecode.swift; path = NewsPresenterInConnection.swift; sourceTree = "<group>"; };
		5EBA2EAB2599258F00F58D95 /* NewsPresenterOutConnection.swift */ = {isa = PBXFileReference; lastKnownFileType = sourcecode.swift; path = NewsPresenterOutConnection.swift; sourceTree = "<group>"; };
		5ED8C9122596682D006F8B77 /* NewsViewController.swift */ = {isa = PBXFileReference; lastKnownFileType = sourcecode.swift; path = NewsViewController.swift; sourceTree = "<group>"; };
		5ED8C9132596682D006F8B77 /* NewsViewController.xib */ = {isa = PBXFileReference; lastKnownFileType = file.xib; path = NewsViewController.xib; sourceTree = "<group>"; };
		5ED8C91D259668C7006F8B77 /* NewsInteractor.swift */ = {isa = PBXFileReference; lastKnownFileType = sourcecode.swift; path = NewsInteractor.swift; sourceTree = "<group>"; };
		5ED8C921259668EB006F8B77 /* NewsPresenter.swift */ = {isa = PBXFileReference; lastKnownFileType = sourcecode.swift; path = NewsPresenter.swift; sourceTree = "<group>"; };
		5ED8C9242596690D006F8B77 /* NewsRouter.swift */ = {isa = PBXFileReference; lastKnownFileType = sourcecode.swift; path = NewsRouter.swift; sourceTree = "<group>"; };
		5ED8C92B25966CF6006F8B77 /* NewsService.swift */ = {isa = PBXFileReference; lastKnownFileType = sourcecode.swift; path = NewsService.swift; sourceTree = "<group>"; };
		5ED8C92F25966D2B006F8B77 /* NewsServiceImplementation.swift */ = {isa = PBXFileReference; lastKnownFileType = sourcecode.swift; path = NewsServiceImplementation.swift; sourceTree = "<group>"; };
		5ED8C93425967E07006F8B77 /* News.swift */ = {isa = PBXFileReference; lastKnownFileType = sourcecode.swift; path = News.swift; sourceTree = "<group>"; };
		7AEC7A2507FD2BD45B82407F /* Pods-Architecture.debug.xcconfig */ = {isa = PBXFileReference; includeInIndex = 1; lastKnownFileType = text.xcconfig; name = "Pods-Architecture.debug.xcconfig"; path = "Target Support Files/Pods-Architecture/Pods-Architecture.debug.xcconfig"; sourceTree = "<group>"; };
		C994401C3814164EFA6BED0A /* Pods_Architecture.framework */ = {isa = PBXFileReference; explicitFileType = wrapper.framework; includeInIndex = 0; path = Pods_Architecture.framework; sourceTree = BUILT_PRODUCTS_DIR; };
/* End PBXFileReference section */

/* Begin PBXFrameworksBuildPhase section */
		5EA5D0112596563F000E0F22 /* Frameworks */ = {
			isa = PBXFrameworksBuildPhase;
			buildActionMask = 2147483647;
			files = (
				E336BEB46D52A31A94CBDC2E /* Pods_Architecture.framework in Frameworks */,
			);
			runOnlyForDeploymentPostprocessing = 0;
		};
/* End PBXFrameworksBuildPhase section */

/* Begin PBXGroup section */
		26AD4D533B6F4706B2928688 /* Frameworks */ = {
			isa = PBXGroup;
			children = (
				C994401C3814164EFA6BED0A /* Pods_Architecture.framework */,
			);
			name = Frameworks;
			sourceTree = "<group>";
		};
		5E3EEC9F25992F8000E3EABD /* Container */ = {
			isa = PBXGroup;
			children = (
				5E3EECA1259A380500E3EABD /* NewsContainer.swift */,
			);
			path = Container;
			sourceTree = "<group>";
		};
		5EA5D00B2596563F000E0F22 = {
			isa = PBXGroup;
			children = (
				5EA5D0162596563F000E0F22 /* Architecture */,
				5EA5D0152596563F000E0F22 /* Products */,
				DCEEDEF28CA639AB32342658 /* Pods */,
				26AD4D533B6F4706B2928688 /* Frameworks */,
			);
			sourceTree = "<group>";
		};
		5EA5D0152596563F000E0F22 /* Products */ = {
			isa = PBXGroup;
			children = (
				5EA5D0142596563F000E0F22 /* Architecture.app */,
			);
			name = Products;
			sourceTree = "<group>";
		};
		5EA5D0162596563F000E0F22 /* Architecture */ = {
			isa = PBXGroup;
			children = (
				5E3EEC9F25992F8000E3EABD /* Container */,
				5ED8C92925966CB1006F8B77 /* Service */,
				5ED8C92725966AC4006F8B77 /* Entities */,
				5ED8C910259667ED006F8B77 /* Modules */,
				5ED8C93225967A8C006F8B77 /* Support */,
				5EA5D02525965641000E0F22 /* Info.plist */,
			);
			path = Architecture;
			sourceTree = "<group>";
		};
		5ED8C910259667ED006F8B77 /* Modules */ = {
			isa = PBXGroup;
			children = (
				5ED8C911259667FD006F8B77 /* News */,
			);
			path = Modules;
			sourceTree = "<group>";
		};
		5ED8C911259667FD006F8B77 /* News */ = {
			isa = PBXGroup;
			children = (
				5ED8C91C259668AA006F8B77 /* Router */,
				5ED8C91B25966899006F8B77 /* Presenter */,
				5ED8C91A2596688F006F8B77 /* Interactor */,
				5ED8C9182596685A006F8B77 /* View */,
			);
			path = News;
			sourceTree = "<group>";
		};
		5ED8C9182596685A006F8B77 /* View */ = {
			isa = PBXGroup;
			children = (
				5ED8C9122596682D006F8B77 /* NewsViewController.swift */,
				5ED8C9132596682D006F8B77 /* NewsViewController.xib */,
				5E9062F725991DB000208EAF /* NewsViewInConnection.swift */,
			);
			path = View;
			sourceTree = "<group>";
		};
		5ED8C91A2596688F006F8B77 /* Interactor */ = {
			isa = PBXGroup;
			children = (
				5ED8C91D259668C7006F8B77 /* NewsInteractor.swift */,
				5EBA2EAB2599258F00F58D95 /* NewsPresenterOutConnection.swift */,
			);
			path = Interactor;
			sourceTree = "<group>";
		};
		5ED8C91B25966899006F8B77 /* Presenter */ = {
			isa = PBXGroup;
			children = (
				5ED8C921259668EB006F8B77 /* NewsPresenter.swift */,
				5EBA2EA82599201D00F58D95 /* NewsPresenterInConnection.swift */,
				5EBA2EA525991F1200F58D95 /* NewsViewOutConnection.swift */,
			);
			path = Presenter;
			sourceTree = "<group>";
		};
		5ED8C91C259668AA006F8B77 /* Router */ = {
			isa = PBXGroup;
			children = (
				5ED8C9242596690D006F8B77 /* NewsRouter.swift */,
			);
			path = Router;
			sourceTree = "<group>";
		};
		5ED8C92725966AC4006F8B77 /* Entities */ = {
			isa = PBXGroup;
			children = (
				5ED8C93425967E07006F8B77 /* News.swift */,
			);
			path = Entities;
			sourceTree = "<group>";
		};
		5ED8C92925966CB1006F8B77 /* Service */ = {
			isa = PBXGroup;
			children = (
				5ED8C92A25966CBA006F8B77 /* News */,
			);
			path = Service;
			sourceTree = "<group>";
		};
		5ED8C92A25966CBA006F8B77 /* News */ = {
			isa = PBXGroup;
			children = (
				5ED8C92B25966CF6006F8B77 /* NewsService.swift */,
				5ED8C92F25966D2B006F8B77 /* NewsServiceImplementation.swift */,
			);
			path = News;
			sourceTree = "<group>";
		};
		5ED8C93225967A8C006F8B77 /* Support */ = {
			isa = PBXGroup;
			children = (
				5EA5D0172596563F000E0F22 /* AppDelegate.swift */,
				5EA5D0192596563F000E0F22 /* SceneDelegate.swift */,
				5EA5D02025965641000E0F22 /* Assets.xcassets */,
				5EA5D02225965641000E0F22 /* LaunchScreen.storyboard */,
			);
			path = Support;
			sourceTree = "<group>";
		};
		DCEEDEF28CA639AB32342658 /* Pods */ = {
			isa = PBXGroup;
			children = (
				7AEC7A2507FD2BD45B82407F /* Pods-Architecture.debug.xcconfig */,
				52E8F09AEE9F2FA01BCBE172 /* Pods-Architecture.release.xcconfig */,
			);
			path = Pods;
			sourceTree = "<group>";
		};
/* End PBXGroup section */

/* Begin PBXNativeTarget section */
		5EA5D0132596563F000E0F22 /* Architecture */ = {
			isa = PBXNativeTarget;
			buildConfigurationList = 5EA5D02825965641000E0F22 /* Build configuration list for PBXNativeTarget "Architecture" */;
			buildPhases = (
				C4C035E9043E754AF7386E37 /* [CP] Check Pods Manifest.lock */,
				5EA5D0102596563F000E0F22 /* Sources */,
				5EA5D0112596563F000E0F22 /* Frameworks */,
				5EA5D0122596563F000E0F22 /* Resources */,
				9D3CC0BA24971863B2B82785 /* [CP] Embed Pods Frameworks */,
			);
			buildRules = (
			);
			dependencies = (
			);
			name = Architecture;
			productName = Architecture;
			productReference = 5EA5D0142596563F000E0F22 /* Architecture.app */;
			productType = "com.apple.product-type.application";
		};
/* End PBXNativeTarget section */

/* Begin PBXProject section */
		5EA5D00C2596563F000E0F22 /* Project object */ = {
			isa = PBXProject;
			attributes = {
				LastSwiftUpdateCheck = 1230;
				LastUpgradeCheck = 1230;
				TargetAttributes = {
					5EA5D0132596563F000E0F22 = {
						CreatedOnToolsVersion = 12.3;
					};
				};
			};
			buildConfigurationList = 5EA5D00F2596563F000E0F22 /* Build configuration list for PBXProject "Architecture" */;
			compatibilityVersion = "Xcode 9.3";
			developmentRegion = en;
			hasScannedForEncodings = 0;
			knownRegions = (
				en,
				Base,
			);
			mainGroup = 5EA5D00B2596563F000E0F22;
			productRefGroup = 5EA5D0152596563F000E0F22 /* Products */;
			projectDirPath = "";
			projectRoot = "";
			targets = (
				5EA5D0132596563F000E0F22 /* Architecture */,
			);
		};
/* End PBXProject section */

/* Begin PBXResourcesBuildPhase section */
		5EA5D0122596563F000E0F22 /* Resources */ = {
			isa = PBXResourcesBuildPhase;
			buildActionMask = 2147483647;
			files = (
				5EA5D02425965641000E0F22 /* LaunchScreen.storyboard in Resources */,
				5EA5D02125965641000E0F22 /* Assets.xcassets in Resources */,
				5ED8C9152596682D006F8B77 /* NewsViewController.xib in Resources */,
			);
			runOnlyForDeploymentPostprocessing = 0;
		};
/* End PBXResourcesBuildPhase section */

/* Begin PBXShellScriptBuildPhase section */
		9D3CC0BA24971863B2B82785 /* [CP] Embed Pods Frameworks */ = {
			isa = PBXShellScriptBuildPhase;
			buildActionMask = 2147483647;
			files = (
			);
			inputFileListPaths = (
				"${PODS_ROOT}/Target Support Files/Pods-Architecture/Pods-Architecture-frameworks-${CONFIGURATION}-input-files.xcfilelist",
			);
			name = "[CP] Embed Pods Frameworks";
			outputFileListPaths = (
				"${PODS_ROOT}/Target Support Files/Pods-Architecture/Pods-Architecture-frameworks-${CONFIGURATION}-output-files.xcfilelist",
			);
			runOnlyForDeploymentPostprocessing = 0;
			shellPath = /bin/sh;
			shellScript = "\"${PODS_ROOT}/Target Support Files/Pods-Architecture/Pods-Architecture-frameworks.sh\"\n";
			showEnvVarsInLog = 0;
		};
		C4C035E9043E754AF7386E37 /* [CP] Check Pods Manifest.lock */ = {
			isa = PBXShellScriptBuildPhase;
			buildActionMask = 2147483647;
			files = (
			);
			inputFileListPaths = (
			);
			inputPaths = (
				"${PODS_PODFILE_DIR_PATH}/Podfile.lock",
				"${PODS_ROOT}/Manifest.lock",
			);
			name = "[CP] Check Pods Manifest.lock";
			outputFileListPaths = (
			);
			outputPaths = (
				"$(DERIVED_FILE_DIR)/Pods-Architecture-checkManifestLockResult.txt",
			);
			runOnlyForDeploymentPostprocessing = 0;
			shellPath = /bin/sh;
			shellScript = "diff \"${PODS_PODFILE_DIR_PATH}/Podfile.lock\" \"${PODS_ROOT}/Manifest.lock\" > /dev/null\nif [ $? != 0 ] ; then\n    # print error to STDERR\n    echo \"error: The sandbox is not in sync with the Podfile.lock. Run 'pod install' or update your CocoaPods installation.\" >&2\n    exit 1\nfi\n# This output is used by Xcode 'outputs' to avoid re-running this script phase.\necho \"SUCCESS\" > \"${SCRIPT_OUTPUT_FILE_0}\"\n";
			showEnvVarsInLog = 0;
		};
/* End PBXShellScriptBuildPhase section */

/* Begin PBXSourcesBuildPhase section */
		5EA5D0102596563F000E0F22 /* Sources */ = {
			isa = PBXSourcesBuildPhase;
			buildActionMask = 2147483647;
			files = (
				5E9062F825991DB000208EAF /* NewsViewInConnection.swift in Sources */,
				5EBA2EA625991F1200F58D95 /* NewsViewOutConnection.swift in Sources */,
				5EBA2EA92599201D00F58D95 /* NewsPresenterInConnection.swift in Sources */,
				5ED8C9142596682D006F8B77 /* NewsViewController.swift in Sources */,
				5ED8C9252596690D006F8B77 /* NewsRouter.swift in Sources */,
				5EA5D0182596563F000E0F22 /* AppDelegate.swift in Sources */,
				5ED8C93525967E07006F8B77 /* News.swift in Sources */,
				5ED8C92C25966CF6006F8B77 /* NewsService.swift in Sources */,
				5E3EECA2259A380500E3EABD /* NewsContainer.swift in Sources */,
				5ED8C922259668EB006F8B77 /* NewsPresenter.swift in Sources */,
				5EA5D01A2596563F000E0F22 /* SceneDelegate.swift in Sources */,
				5ED8C93025966D2B006F8B77 /* NewsServiceImplementation.swift in Sources */,
				5ED8C91E259668C7006F8B77 /* NewsInteractor.swift in Sources */,
				5EBA2EAC2599258F00F58D95 /* NewsPresenterOutConnection.swift in Sources */,
			);
			runOnlyForDeploymentPostprocessing = 0;
		};
/* End PBXSourcesBuildPhase section */

/* Begin PBXVariantGroup section */
		5EA5D02225965641000E0F22 /* LaunchScreen.storyboard */ = {
			isa = PBXVariantGroup;
			children = (
				5EA5D02325965641000E0F22 /* Base */,
			);
			name = LaunchScreen.storyboard;
			sourceTree = "<group>";
		};
/* End PBXVariantGroup section */

/* Begin XCBuildConfiguration section */
		5EA5D02625965641000E0F22 /* Debug */ = {
			isa = XCBuildConfiguration;
			buildSettings = {
				ALWAYS_SEARCH_USER_PATHS = NO;
				CLANG_ANALYZER_NONNULL = YES;
				CLANG_ANALYZER_NUMBER_OBJECT_CONVERSION = YES_AGGRESSIVE;
				CLANG_CXX_LANGUAGE_STANDARD = "gnu++14";
				CLANG_CXX_LIBRARY = "libc++";
				CLANG_ENABLE_MODULES = YES;
				CLANG_ENABLE_OBJC_ARC = YES;
				CLANG_ENABLE_OBJC_WEAK = YES;
				CLANG_WARN_BLOCK_CAPTURE_AUTORELEASING = YES;
				CLANG_WARN_BOOL_CONVERSION = YES;
				CLANG_WARN_COMMA = YES;
				CLANG_WARN_CONSTANT_CONVERSION = YES;
				CLANG_WARN_DEPRECATED_OBJC_IMPLEMENTATIONS = YES;
				CLANG_WARN_DIRECT_OBJC_ISA_USAGE = YES_ERROR;
				CLANG_WARN_DOCUMENTATION_COMMENTS = YES;
				CLANG_WARN_EMPTY_BODY = YES;
				CLANG_WARN_ENUM_CONVERSION = YES;
				CLANG_WARN_INFINITE_RECURSION = YES;
				CLANG_WARN_INT_CONVERSION = YES;
				CLANG_WARN_NON_LITERAL_NULL_CONVERSION = YES;
				CLANG_WARN_OBJC_IMPLICIT_RETAIN_SELF = YES;
				CLANG_WARN_OBJC_LITERAL_CONVERSION = YES;
				CLANG_WARN_OBJC_ROOT_CLASS = YES_ERROR;
				CLANG_WARN_QUOTED_INCLUDE_IN_FRAMEWORK_HEADER = YES;
				CLANG_WARN_RANGE_LOOP_ANALYSIS = YES;
				CLANG_WARN_STRICT_PROTOTYPES = YES;
				CLANG_WARN_SUSPICIOUS_MOVE = YES;
				CLANG_WARN_UNGUARDED_AVAILABILITY = YES_AGGRESSIVE;
				CLANG_WARN_UNREACHABLE_CODE = YES;
				CLANG_WARN__DUPLICATE_METHOD_MATCH = YES;
				COPY_PHASE_STRIP = NO;
				DEBUG_INFORMATION_FORMAT = dwarf;
				ENABLE_STRICT_OBJC_MSGSEND = YES;
				ENABLE_TESTABILITY = YES;
				GCC_C_LANGUAGE_STANDARD = gnu11;
				GCC_DYNAMIC_NO_PIC = NO;
				GCC_NO_COMMON_BLOCKS = YES;
				GCC_OPTIMIZATION_LEVEL = 0;
				GCC_PREPROCESSOR_DEFINITIONS = (
					"DEBUG=1",
					"$(inherited)",
				);
				GCC_WARN_64_TO_32_BIT_CONVERSION = YES;
				GCC_WARN_ABOUT_RETURN_TYPE = YES_ERROR;
				GCC_WARN_UNDECLARED_SELECTOR = YES;
				GCC_WARN_UNINITIALIZED_AUTOS = YES_AGGRESSIVE;
				GCC_WARN_UNUSED_FUNCTION = YES;
				GCC_WARN_UNUSED_VARIABLE = YES;
				IPHONEOS_DEPLOYMENT_TARGET = 14.3;
				MTL_ENABLE_DEBUG_INFO = INCLUDE_SOURCE;
				MTL_FAST_MATH = YES;
				ONLY_ACTIVE_ARCH = YES;
				SDKROOT = iphoneos;
				SWIFT_ACTIVE_COMPILATION_CONDITIONS = DEBUG;
				SWIFT_OPTIMIZATION_LEVEL = "-Onone";
			};
			name = Debug;
		};
		5EA5D02725965641000E0F22 /* Release */ = {
			isa = XCBuildConfiguration;
			buildSettings = {
				ALWAYS_SEARCH_USER_PATHS = NO;
				CLANG_ANALYZER_NONNULL = YES;
				CLANG_ANALYZER_NUMBER_OBJECT_CONVERSION = YES_AGGRESSIVE;
				CLANG_CXX_LANGUAGE_STANDARD = "gnu++14";
				CLANG_CXX_LIBRARY = "libc++";
				CLANG_ENABLE_MODULES = YES;
				CLANG_ENABLE_OBJC_ARC = YES;
				CLANG_ENABLE_OBJC_WEAK = YES;
				CLANG_WARN_BLOCK_CAPTURE_AUTORELEASING = YES;
				CLANG_WARN_BOOL_CONVERSION = YES;
				CLANG_WARN_COMMA = YES;
				CLANG_WARN_CONSTANT_CONVERSION = YES;
				CLANG_WARN_DEPRECATED_OBJC_IMPLEMENTATIONS = YES;
				CLANG_WARN_DIRECT_OBJC_ISA_USAGE = YES_ERROR;
				CLANG_WARN_DOCUMENTATION_COMMENTS = YES;
				CLANG_WARN_EMPTY_BODY = YES;
				CLANG_WARN_ENUM_CONVERSION = YES;
				CLANG_WARN_INFINITE_RECURSION = YES;
				CLANG_WARN_INT_CONVERSION = YES;
				CLANG_WARN_NON_LITERAL_NULL_CONVERSION = YES;
				CLANG_WARN_OBJC_IMPLICIT_RETAIN_SELF = YES;
				CLANG_WARN_OBJC_LITERAL_CONVERSION = YES;
				CLANG_WARN_OBJC_ROOT_CLASS = YES_ERROR;
				CLANG_WARN_QUOTED_INCLUDE_IN_FRAMEWORK_HEADER = YES;
				CLANG_WARN_RANGE_LOOP_ANALYSIS = YES;
				CLANG_WARN_STRICT_PROTOTYPES = YES;
				CLANG_WARN_SUSPICIOUS_MOVE = YES;
				CLANG_WARN_UNGUARDED_AVAILABILITY = YES_AGGRESSIVE;
				CLANG_WARN_UNREACHABLE_CODE = YES;
				CLANG_WARN__DUPLICATE_METHOD_MATCH = YES;
				COPY_PHASE_STRIP = NO;
				DEBUG_INFORMATION_FORMAT = "dwarf-with-dsym";
				ENABLE_NS_ASSERTIONS = NO;
				ENABLE_STRICT_OBJC_MSGSEND = YES;
				GCC_C_LANGUAGE_STANDARD = gnu11;
				GCC_NO_COMMON_BLOCKS = YES;
				GCC_WARN_64_TO_32_BIT_CONVERSION = YES;
				GCC_WARN_ABOUT_RETURN_TYPE = YES_ERROR;
				GCC_WARN_UNDECLARED_SELECTOR = YES;
				GCC_WARN_UNINITIALIZED_AUTOS = YES_AGGRESSIVE;
				GCC_WARN_UNUSED_FUNCTION = YES;
				GCC_WARN_UNUSED_VARIABLE = YES;
				IPHONEOS_DEPLOYMENT_TARGET = 14.3;
				MTL_ENABLE_DEBUG_INFO = NO;
				MTL_FAST_MATH = YES;
				SDKROOT = iphoneos;
				SWIFT_COMPILATION_MODE = wholemodule;
				SWIFT_OPTIMIZATION_LEVEL = "-O";
				VALIDATE_PRODUCT = YES;
			};
			name = Release;
		};
		5EA5D02925965641000E0F22 /* Debug */ = {
			isa = XCBuildConfiguration;
			baseConfigurationReference = 7AEC7A2507FD2BD45B82407F /* Pods-Architecture.debug.xcconfig */;
			buildSettings = {
				ASSETCATALOG_COMPILER_APPICON_NAME = AppIcon;
				ASSETCATALOG_COMPILER_GLOBAL_ACCENT_COLOR_NAME = AccentColor;
				CODE_SIGN_STYLE = Automatic;
				INFOPLIST_FILE = Architecture/Info.plist;
				LD_RUNPATH_SEARCH_PATHS = (
					"$(inherited)",
					"@executable_path/Frameworks",
				);
				PRODUCT_BUNDLE_IDENTIFIER = com.ruschr.Architecture;
				PRODUCT_NAME = "$(TARGET_NAME)";
				SWIFT_VERSION = 5.0;
				TARGETED_DEVICE_FAMILY = "1,2";
			};
			name = Debug;
		};
		5EA5D02A25965641000E0F22 /* Release */ = {
			isa = XCBuildConfiguration;
			baseConfigurationReference = 52E8F09AEE9F2FA01BCBE172 /* Pods-Architecture.release.xcconfig */;
			buildSettings = {
				ASSETCATALOG_COMPILER_APPICON_NAME = AppIcon;
				ASSETCATALOG_COMPILER_GLOBAL_ACCENT_COLOR_NAME = AccentColor;
				CODE_SIGN_STYLE = Automatic;
				INFOPLIST_FILE = Architecture/Info.plist;
				LD_RUNPATH_SEARCH_PATHS = (
					"$(inherited)",
					"@executable_path/Frameworks",
				);
				PRODUCT_BUNDLE_IDENTIFIER = com.ruschr.Architecture;
				PRODUCT_NAME = "$(TARGET_NAME)";
				SWIFT_VERSION = 5.0;
				TARGETED_DEVICE_FAMILY = "1,2";
			};
			name = Release;
		};
/* End XCBuildConfiguration section */

/* Begin XCConfigurationList section */
		5EA5D00F2596563F000E0F22 /* Build configuration list for PBXProject "Architecture" */ = {
			isa = XCConfigurationList;
			buildConfigurations = (
				5EA5D02625965641000E0F22 /* Debug */,
				5EA5D02725965641000E0F22 /* Release */,
			);
			defaultConfigurationIsVisible = 0;
			defaultConfigurationName = Release;
		};
		5EA5D02825965641000E0F22 /* Build configuration list for PBXNativeTarget "Architecture" */ = {
			isa = XCConfigurationList;
			buildConfigurations = (
				5EA5D02925965641000E0F22 /* Debug */,
				5EA5D02A25965641000E0F22 /* Release */,
			);
			defaultConfigurationIsVisible = 0;
			defaultConfigurationName = Release;
		};
/* End XCConfigurationList section */
	};
	rootObject = 5EA5D00C2596563F000E0F22 /* Project object */;
}
